
Microsoft Visual Studio Solution File, Format Version 12.00
# Visual Studio Version 16
VisualStudioVersion = 16.0.32126.315
MinimumVisualStudioVersion = 10.0.40219.1
Project("{FAE04EC0-301F-11D3-BF4B-00C04F79EFBC}") = "ScannerAPP.UWP", "ScannerAPP\ScannerAPP.UWP\ScannerAPP.UWP.csproj", "{BB3847BC-A30D-4139-9E9A-4C87CBF75F75}"
EndProject
Project("{FAE04EC0-301F-11D3-BF4B-00C04F79EFBC}") = "ScannerAPP.Android", "ScannerAPP\ScannerAPP.Android\ScannerAPP.Android.csproj", "{8B239B84-8250-4F3E-8106-6D3B65FC9127}"
EndProject
Project("{FAE04EC0-301F-11D3-BF4B-00C04F79EFBC}") = "ScannerAPP.iOS", "ScannerAPP\ScannerAPP.iOS\ScannerAPP.iOS.csproj", "{69A89C23-080B-4B33-A278-F4C842A88740}"
EndProject
Project("{FAE04EC0-301F-11D3-BF4B-00C04F79EFBC}") = "ScannerAPP", "ScannerAPP\ScannerAPP\ScannerAPP.csproj", "{55299490-943E-490D-B5E9-6FA382DD5F51}"
EndProject
Global
	GlobalSection(SolutionConfigurationPlatforms) = preSolution
		Debug|Any CPU = Debug|Any CPU
		Debug|ARM = Debug|ARM
		Debug|iPhone = Debug|iPhone
		Debug|iPhoneSimulator = Debug|iPhoneSimulator
		Debug|x64 = Debug|x64
		Debug|x86 = Debug|x86
		Release|Any CPU = Release|Any CPU
		Release|ARM = Release|ARM
		Release|iPhone = Release|iPhone
		Release|iPhoneSimulator = Release|iPhoneSimulator
		Release|x64 = Release|x64
		Release|x86 = Release|x86
	EndGlobalSection
	GlobalSection(ProjectConfigurationPlatforms) = postSolution
		{BB3847BC-A30D-4139-9E9A-4C87CBF75F75}.Debug|Any CPU.ActiveCfg = Debug|x86
		{BB3847BC-A30D-4139-9E9A-4C87CBF75F75}.Debug|Any CPU.Build.0 = Debug|x86
		{BB3847BC-A30D-4139-9E9A-4C87CBF75F75}.Debug|Any CPU.Deploy.0 = Debug|x86
		{BB3847BC-A30D-4139-9E9A-4C87CBF75F75}.Debug|ARM.ActiveCfg = Debug|ARM
		{BB3847BC-A30D-4139-9E9A-4C87CBF75F75}.Debug|ARM.Build.0 = Debug|ARM
		{BB3847BC-A30D-4139-9E9A-4C87CBF75F75}.Debug|ARM.Deploy.0 = Debug|ARM
		{BB3847BC-A30D-4139-9E9A-4C87CBF75F75}.Debug|iPhone.ActiveCfg = Debug|x86
		{BB3847BC-A30D-4139-9E9A-4C87CBF75F75}.Debug|iPhone.Build.0 = Debug|x86
		{BB3847BC-A30D-4139-9E9A-4C87CBF75F75}.Debug|iPhone.Deploy.0 = Debug|x86
		{BB3847BC-A30D-4139-9E9A-4C87CBF75F75}.Debug|iPhoneSimulator.ActiveCfg = Debug|x86
		{BB3847BC-A30D-4139-9E9A-4C87CBF75F75}.Debug|iPhoneSimulator.Build.0 = Debug|x86
		{BB3847BC-A30D-4139-9E9A-4C87CBF75F75}.Debug|iPhoneSimulator.Deploy.0 = Debug|x86
		{BB3847BC-A30D-4139-9E9A-4C87CBF75F75}.Debug|x64.ActiveCfg = Debug|x64
		{BB3847BC-A30D-4139-9E9A-4C87CBF75F75}.Debug|x64.Build.0 = Debug|x64
		{BB3847BC-A30D-4139-9E9A-4C87CBF75F75}.Debug|x64.Deploy.0 = Debug|x64
		{BB3847BC-A30D-4139-9E9A-4C87CBF75F75}.Debug|x86.ActiveCfg = Debug|x86
		{BB3847BC-A30D-4139-9E9A-4C87CBF75F75}.Debug|x86.Build.0 = Debug|x86
		{BB3847BC-A30D-4139-9E9A-4C87CBF75F75}.Debug|x86.Deploy.0 = Debug|x86
		{BB3847BC-A30D-4139-9E9A-4C87CBF75F75}.Release|Any CPU.ActiveCfg = Release|x86
		{BB3847BC-A30D-4139-9E9A-4C87CBF75F75}.Release|Any CPU.Build.0 = Release|x86
		{BB3847BC-A30D-4139-9E9A-4C87CBF75F75}.Release|Any CPU.Deploy.0 = Release|x86
		{BB3847BC-A30D-4139-9E9A-4C87CBF75F75}.Release|ARM.ActiveCfg = Release|ARM
		{BB3847BC-A30D-4139-9E9A-4C87CBF75F75}.Release|ARM.Build.0 = Release|ARM
		{BB3847BC-A30D-4139-9E9A-4C87CBF75F75}.Release|ARM.Deploy.0 = Release|ARM
		{BB3847BC-A30D-4139-9E9A-4C87CBF75F75}.Release|iPhone.ActiveCfg = Release|x86
		{BB3847BC-A30D-4139-9E9A-4C87CBF75F75}.Release|iPhone.Build.0 = Release|x86
		{BB3847BC-A30D-4139-9E9A-4C87CBF75F75}.Release|iPhone.Deploy.0 = Release|x86
		{BB3847BC-A30D-4139-9E9A-4C87CBF75F75}.Release|iPhoneSimulator.ActiveCfg = Release|x86
		{BB3847BC-A30D-4139-9E9A-4C87CBF75F75}.Release|iPhoneSimulator.Build.0 = Release|x86
		{BB3847BC-A30D-4139-9E9A-4C87CBF75F75}.Release|iPhoneSimulator.Deploy.0 = Release|x86
		{BB3847BC-A30D-4139-9E9A-4C87CBF75F75}.Release|x64.ActiveCfg = Release|x64
		{BB3847BC-A30D-4139-9E9A-4C87CBF75F75}.Release|x64.Build.0 = Release|x64
		{BB3847BC-A30D-4139-9E9A-4C87CBF75F75}.Release|x64.Deploy.0 = Release|x64
		{BB3847BC-A30D-4139-9E9A-4C87CBF75F75}.Release|x86.ActiveCfg = Release|x86
		{BB3847BC-A30D-4139-9E9A-4C87CBF75F75}.Release|x86.Build.0 = Release|x86
		{BB3847BC-A30D-4139-9E9A-4C87CBF75F75}.Release|x86.Deploy.0 = Release|x86
		{8B239B84-8250-4F3E-8106-6D3B65FC9127}.Debug|Any CPU.ActiveCfg = Debug|Any CPU
		{8B239B84-8250-4F3E-8106-6D3B65FC9127}.Debug|Any CPU.Build.0 = Debug|Any CPU
		{8B239B84-8250-4F3E-8106-6D3B65FC9127}.Debug|Any CPU.Deploy.0 = Debug|Any CPU
		{8B239B84-8250-4F3E-8106-6D3B65FC9127}.Debug|ARM.ActiveCfg = Debug|Any CPU
		{8B239B84-8250-4F3E-8106-6D3B65FC9127}.Debug|ARM.Build.0 = Debug|Any CPU
		{8B239B84-8250-4F3E-8106-6D3B65FC9127}.Debug|ARM.Deploy.0 = Debug|Any CPU
		{8B239B84-8250-4F3E-8106-6D3B65FC9127}.Debug|iPhone.ActiveCfg = Debug|Any CPU
		{8B239B84-8250-4F3E-8106-6D3B65FC9127}.Debug|iPhone.Build.0 = Debug|Any CPU
		{8B239B84-8250-4F3E-8106-6D3B65FC9127}.Debug|iPhone.Deploy.0 = Debug|Any CPU
		{8B239B84-8250-4F3E-8106-6D3B65FC9127}.Debug|iPhoneSimulator.ActiveCfg = Debug|Any CPU
		{8B239B84-8250-4F3E-8106-6D3B65FC9127}.Debug|iPhoneSimulator.Build.0 = Debug|Any CPU
		{8B239B84-8250-4F3E-8106-6D3B65FC9127}.Debug|iPhoneSimulator.Deploy.0 = Debug|Any CPU
		{8B239B84-8250-4F3E-8106-6D3B65FC9127}.Debug|x64.ActiveCfg = Debug|Any CPU
		{8B239B84-8250-4F3E-8106-6D3B65FC9127}.Debug|x64.Build.0 = Debug|Any CPU
		{8B239B84-8250-4F3E-8106-6D3B65FC9127}.Debug|x64.Deploy.0 = Debug|Any CPU
		{8B239B84-8250-4F3E-8106-6D3B65FC9127}.Debug|x86.ActiveCfg = Debug|Any CPU
		{8B239B84-8250-4F3E-8106-6D3B65FC9127}.Debug|x86.Build.0 = Debug|Any CPU
		{8B239B84-8250-4F3E-8106-6D3B65FC9127}.Debug|x86.Deploy.0 = Debug|Any CPU
		{8B239B84-8250-4F3E-8106-6D3B65FC9127}.Release|Any CPU.ActiveCfg = Release|Any CPU
		{8B239B84-8250-4F3E-8106-6D3B65FC9127}.Release|Any CPU.Build.0 = Release|Any CPU
		{8B239B84-8250-4F3E-8106-6D3B65FC9127}.Release|Any CPU.Deploy.0 = Release|Any CPU
		{8B239B84-8250-4F3E-8106-6D3B65FC9127}.Release|ARM.ActiveCfg = Release|Any CPU
		{8B239B84-8250-4F3E-8106-6D3B65FC9127}.Release|ARM.Build.0 = Release|Any CPU
		{8B239B84-8250-4F3E-8106-6D3B65FC9127}.Release|ARM.Deploy.0 = Release|Any CPU
		{8B239B84-8250-4F3E-8106-6D3B65FC9127}.Release|iPhone.ActiveCfg = Release|Any CPU
		{8B239B84-8250-4F3E-8106-6D3B65FC9127}.Release|iPhone.Build.0 = Release|Any CPU
		{8B239B84-8250-4F3E-8106-6D3B65FC9127}.Release|iPhone.Deploy.0 = Release|Any CPU
		{8B239B84-8250-4F3E-8106-6D3B65FC9127}.Release|iPhoneSimulator.ActiveCfg = Release|Any CPU
		{8B239B84-8250-4F3E-8106-6D3B65FC9127}.Release|iPhoneSimulator.Build.0 = Release|Any CPU
		{8B239B84-8250-4F3E-8106-6D3B65FC9127}.Release|iPhoneSimulator.Deploy.0 = Release|Any CPU
		{8B239B84-8250-4F3E-8106-6D3B65FC9127}.Release|x64.ActiveCfg = Release|Any CPU
		{8B239B84-8250-4F3E-8106-6D3B65FC9127}.Release|x64.Build.0 = Release|Any CPU
		{8B239B84-8250-4F3E-8106-6D3B65FC9127}.Release|x64.Deploy.0 = Release|Any CPU
		{8B239B84-8250-4F3E-8106-6D3B65FC9127}.Release|x86.ActiveCfg = Release|Any CPU
		{8B239B84-8250-4F3E-8106-6D3B65FC9127}.Release|x86.Build.0 = Release|Any CPU
		{8B239B84-8250-4F3E-8106-6D3B65FC9127}.Release|x86.Deploy.0 = Release|Any CPU
		{69A89C23-080B-4B33-A278-F4C842A88740}.Debug|Any CPU.ActiveCfg = Debug|iPhoneSimulator
		{69A89C23-080B-4B33-A278-F4C842A88740}.Debug|Any CPU.Build.0 = Debug|iPhoneSimulator
		{69A89C23-080B-4B33-A278-F4C842A88740}.Debug|Any CPU.Deploy.0 = Debug|iPhoneSimulator
		{69A89C23-080B-4B33-A278-F4C842A88740}.Debug|ARM.ActiveCfg = Debug|iPhone
		{69A89C23-080B-4B33-A278-F4C842A88740}.Debug|ARM.Build.0 = Debug|iPhone
		{69A89C23-080B-4B33-A278-F4C842A88740}.Debug|ARM.Deploy.0 = Debug|iPhone
		{69A89C23-080B-4B33-A278-F4C842A88740}.Debug|iPhone.ActiveCfg = Debug|iPhone
		{69A89C23-080B-4B33-A278-F4C842A88740}.Debug|iPhone.Build.0 = Debug|iPhone
		{69A89C23-080B-4B33-A278-F4C842A88740}.Debug|iPhone.Deploy.0 = Debug|iPhone
		{69A89C23-080B-4B33-A278-F4C842A88740}.Debug|iPhoneSimulator.ActiveCfg = Debug|iPhoneSimulator
		{69A89C23-080B-4B33-A278-F4C842A88740}.Debug|iPhoneSimulator.Build.0 = Debug|iPhoneSimulator
		{69A89C23-080B-4B33-A278-F4C842A88740}.Debug|iPhoneSimulator.Deploy.0 = Debug|iPhoneSimulator
		{69A89C23-080B-4B33-A278-F4C842A88740}.Debug|x64.ActiveCfg = Debug|iPhoneSimulator
		{69A89C23-080B-4B33-A278-F4C842A88740}.Debug|x64.Build.0 = Debug|iPhoneSimulator
		{69A89C23-080B-4B33-A278-F4C842A88740}.Debug|x64.Deploy.0 = Debug|iPhoneSimulator
		{69A89C23-080B-4B33-A278-F4C842A88740}.Debug|x86.ActiveCfg = Debug|iPhoneSimulator
		{69A89C23-080B-4B33-A278-F4C842A88740}.Debug|x86.Build.0 = Debug|iPhoneSimulator
		{69A89C23-080B-4B33-A278-F4C842A88740}.Debug|x86.Deploy.0 = Debug|iPhoneSimulator
		{69A89C23-080B-4B33-A278-F4C842A88740}.Release|Any CPU.ActiveCfg = Release|iPhoneSimulator
		{69A89C23-080B-4B33-A278-F4C842A88740}.Release|Any CPU.Build.0 = Release|iPhoneSimulator
		{69A89C23-080B-4B33-A278-F4C842A88740}.Release|Any CPU.Deploy.0 = Release|iPhoneSimulator
		{69A89C23-080B-4B33-A278-F4C842A88740}.Release|ARM.ActiveCfg = Release|iPhoneSimulator
		{69A89C23-080B-4B33-A278-F4C842A88740}.Release|ARM.Build.0 = Release|iPhoneSimulator
		{69A89C23-080B-4B33-A278-F4C842A88740}.Release|ARM.Deploy.0 = Release|iPhoneSimulator
		{69A89C23-080B-4B33-A278-F4C842A88740}.Release|iPhone.ActiveCfg = Release|iPhone
		{69A89C23-080B-4B33-A278-F4C842A88740}.Release|iPhone.Build.0 = Release|iPhone
		{69A89C23-080B-4B33-A278-F4C842A88740}.Release|iPhone.Deploy.0 = Release|iPhone
		{69A89C23-080B-4B33-A278-F4C842A88740}.Release|iPhoneSimulator.ActiveCfg = Release|iPhoneSimulator
		{69A89C23-080B-4B33-A278-F4C842A88740}.Release|iPhoneSimulator.Build.0 = Release|iPhoneSimulator
		{69A89C23-080B-4B33-A278-F4C842A88740}.Release|iPhoneSimulator.Deploy.0 = Release|iPhoneSimulator
		{69A89C23-080B-4B33-A278-F4C842A88740}.Release|x64.ActiveCfg = Release|iPhoneSimulator
		{69A89C23-080B-4B33-A278-F4C842A88740}.Release|x64.Build.0 = Release|iPhoneSimulator
		{69A89C23-080B-4B33-A278-F4C842A88740}.Release|x64.Deploy.0 = Release|iPhoneSimulator
		{69A89C23-080B-4B33-A278-F4C842A88740}.Release|x86.ActiveCfg = Release|iPhoneSimulator
		{69A89C23-080B-4B33-A278-F4C842A88740}.Release|x86.Build.0 = Release|iPhoneSimulator
		{69A89C23-080B-4B33-A278-F4C842A88740}.Release|x86.Deploy.0 = Release|iPhoneSimulator
		{55299490-943E-490D-B5E9-6FA382DD5F51}.Debug|Any CPU.ActiveCfg = Debug|Any CPU
		{55299490-943E-490D-B5E9-6FA382DD5F51}.Debug|Any CPU.Build.0 = Debug|Any CPU
		{55299490-943E-490D-B5E9-6FA382DD5F51}.Debug|Any CPU.Deploy.0 = Debug|Any CPU
		{55299490-943E-490D-B5E9-6FA382DD5F51}.Debug|ARM.ActiveCfg = Debug|Any CPU
		{55299490-943E-490D-B5E9-6FA382DD5F51}.Debug|ARM.Build.0 = Debug|Any CPU
		{55299490-943E-490D-B5E9-6FA382DD5F51}.Debug|ARM.Deploy.0 = Debug|Any CPU
		{55299490-943E-490D-B5E9-6FA382DD5F51}.Debug|iPhone.ActiveCfg = Debug|Any CPU
		{55299490-943E-490D-B5E9-6FA382DD5F51}.Debug|iPhone.Build.0 = Debug|Any CPU
		{55299490-943E-490D-B5E9-6FA382DD5F51}.Debug|iPhone.Deploy.0 = Debug|Any CPU
		{55299490-943E-490D-B5E9-6FA382DD5F51}.Debug|iPhoneSimulator.ActiveCfg = Debug|Any CPU
		{55299490-943E-490D-B5E9-6FA382DD5F51}.Debug|iPhoneSimulator.Build.0 = Debug|Any CPU
		{55299490-943E-490D-B5E9-6FA382DD5F51}.Debug|iPhoneSimulator.Deploy.0 = Debug|Any CPU
		{55299490-943E-490D-B5E9-6FA382DD5F51}.Debug|x64.ActiveCfg = Debug|Any CPU
		{55299490-943E-490D-B5E9-6FA382DD5F51}.Debug|x64.Build.0 = Debug|Any CPU
		{55299490-943E-490D-B5E9-6FA382DD5F51}.Debug|x64.Deploy.0 = Debug|Any CPU
		{55299490-943E-490D-B5E9-6FA382DD5F51}.Debug|x86.ActiveCfg = Debug|Any CPU
		{55299490-943E-490D-B5E9-6FA382DD5F51}.Debug|x86.Build.0 = Debug|Any CPU
		{55299490-943E-490D-B5E9-6FA382DD5F51}.Debug|x86.Deploy.0 = Debug|Any CPU
		{55299490-943E-490D-B5E9-6FA382DD5F51}.Release|Any CPU.ActiveCfg = Release|Any CPU
		{55299490-943E-490D-B5E9-6FA382DD5F51}.Release|Any CPU.Build.0 = Release|Any CPU
		{55299490-943E-490D-B5E9-6FA382DD5F51}.Release|Any CPU.Deploy.0 = Release|Any CPU
		{55299490-943E-490D-B5E9-6FA382DD5F51}.Release|ARM.ActiveCfg = Release|Any CPU
		{55299490-943E-490D-B5E9-6FA382DD5F51}.Release|ARM.Build.0 = Release|Any CPU
		{55299490-943E-490D-B5E9-6FA382DD5F51}.Release|ARM.Deploy.0 = Release|Any CPU
		{55299490-943E-490D-B5E9-6FA382DD5F51}.Release|iPhone.ActiveCfg = Release|Any CPU
		{55299490-943E-490D-B5E9-6FA382DD5F51}.Release|iPhone.Build.0 = Release|Any CPU
		{55299490-943E-490D-B5E9-6FA382DD5F51}.Release|iPhone.Deploy.0 = Release|Any CPU
		{55299490-943E-490D-B5E9-6FA382DD5F51}.Release|iPhoneSimulator.ActiveCfg = Release|Any CPU
		{55299490-943E-490D-B5E9-6FA382DD5F51}.Release|iPhoneSimulator.Build.0 = Release|Any CPU
		{55299490-943E-490D-B5E9-6FA382DD5F51}.Release|iPhoneSimulator.Deploy.0 = Release|Any CPU
		{55299490-943E-490D-B5E9-6FA382DD5F51}.Release|x64.ActiveCfg = Release|Any CPU
		{55299490-943E-490D-B5E9-6FA382DD5F51}.Release|x64.Build.0 = Release|Any CPU
		{55299490-943E-490D-B5E9-6FA382DD5F51}.Release|x64.Deploy.0 = Release|Any CPU
		{55299490-943E-490D-B5E9-6FA382DD5F51}.Release|x86.ActiveCfg = Release|Any CPU
		{55299490-943E-490D-B5E9-6FA382DD5F51}.Release|x86.Build.0 = Release|Any CPU
		{55299490-943E-490D-B5E9-6FA382DD5F51}.Release|x86.Deploy.0 = Release|Any CPU
	EndGlobalSection
	GlobalSection(SolutionProperties) = preSolution
		HideSolutionNode = FALSE
	EndGlobalSection
	GlobalSection(ExtensibilityGlobals) = postSolution
		SolutionGuid = {10BF208B-2EF1-4AAE-A66D-00412475385A}
	EndGlobalSection
EndGlobal
